
Microsoft Visual Studio Solution File, Format Version 12.00
# Visual Studio 2012
# SharpDevelop 5.1
VisualStudioVersion = 12.0.20827.3
MinimumVisualStudioVersion = 10.0.40219.1
Project("{FAE04EC0-301F-11D3-BF4B-00C04F79EFBC}") = "ESP", "ESP\ESP.csproj", "{B1DFE62C-93BB-4748-9115-C2285174385B}"
EndProject
Global
	GlobalSection(SolutionConfigurationPlatforms) = preSolution
		Debug|Any CPU = Debug|Any CPU
		Release|Any CPU = Release|Any CPU
	EndGlobalSection
	GlobalSection(ProjectConfigurationPlatforms) = postSolution
		{B1DFE62C-93BB-4748-9115-C2285174385B}.Debug|Any CPU.ActiveCfg = Debug|Any CPU
		{B1DFE62C-93BB-4748-9115-C2285174385B}.Debug|Any CPU.Build.0 = Debug|Any CPU
		{B1DFE62C-93BB-4748-9115-C2285174385B}.Release|Any CPU.ActiveCfg = Release|Any CPU
		{B1DFE62C-93BB-4748-9115-C2285174385B}.Release|Any CPU.Build.0 = Release|Any CPU
	EndGlobalSection
EndGlobal
